// !$*UTF8*$!
{
	archiveVersion = 1;
	classes = {
	};
	objectVersion = 55;
	objects = {

/* Begin PBXBuildFile section */
		FABCFEA129BD87B500FE3308 /* AppDelegate.swift in Sources */ = {isa = PBXBuildFile; fileRef = FABCFEA029BD87B500FE3308 /* AppDelegate.swift */; };
		FABCFEA329BD87B500FE3308 /* SceneDelegate.swift in Sources */ = {isa = PBXBuildFile; fileRef = FABCFEA229BD87B500FE3308 /* SceneDelegate.swift */; };
		FABCFEA829BD87B500FE3308 /* Main.storyboard in Resources */ = {isa = PBXBuildFile; fileRef = FABCFEA629BD87B500FE3308 /* Main.storyboard */; };
		FABCFEAB29BD87B500FE3308 /* Shopping_List.xcdatamodeld in Sources */ = {isa = PBXBuildFile; fileRef = FABCFEA929BD87B500FE3308 /* Shopping_List.xcdatamodeld */; };
		FABCFEAD29BD87B700FE3308 /* Assets.xcassets in Resources */ = {isa = PBXBuildFile; fileRef = FABCFEAC29BD87B700FE3308 /* Assets.xcassets */; };
		FABCFEB029BD87B700FE3308 /* LaunchScreen.storyboard in Resources */ = {isa = PBXBuildFile; fileRef = FABCFEAE29BD87B700FE3308 /* LaunchScreen.storyboard */; };
		FABCFEBA29BD882700FE3308 /* ListViewController.swift in Sources */ = {isa = PBXBuildFile; fileRef = FABCFEB929BD882700FE3308 /* ListViewController.swift */; };
		FABCFEBE29BD8BA700FE3308 /* ListTableViewCell.swift in Sources */ = {isa = PBXBuildFile; fileRef = FABCFEBC29BD8BA700FE3308 /* ListTableViewCell.swift */; };
		FABCFEBF29BD8BA700FE3308 /* ListTableViewCell.xib in Resources */ = {isa = PBXBuildFile; fileRef = FABCFEBD29BD8BA700FE3308 /* ListTableViewCell.xib */; };
		FABCFEC229BD9F7000FE3308 /* Constants.swift in Sources */ = {isa = PBXBuildFile; fileRef = FABCFEC129BD9F7000FE3308 /* Constants.swift */; };
/* End PBXBuildFile section */

/* Begin PBXFileReference section */
		FABCFE9D29BD87B500FE3308 /* Shopping List.app */ = {isa = PBXFileReference; explicitFileType = wrapper.application; includeInIndex = 0; path = "Shopping List.app"; sourceTree = BUILT_PRODUCTS_DIR; };
		FABCFEA029BD87B500FE3308 /* AppDelegate.swift */ = {isa = PBXFileReference; lastKnownFileType = sourcecode.swift; path = AppDelegate.swift; sourceTree = "<group>"; };
		FABCFEA229BD87B500FE3308 /* SceneDelegate.swift */ = {isa = PBXFileReference; lastKnownFileType = sourcecode.swift; path = SceneDelegate.swift; sourceTree = "<group>"; };
		FABCFEA729BD87B500FE3308 /* Base */ = {isa = PBXFileReference; lastKnownFileType = file.storyboard; name = Base; path = Base.lproj/Main.storyboard; sourceTree = "<group>"; };
		FABCFEAA29BD87B500FE3308 /* Shopping_List.xcdatamodel */ = {isa = PBXFileReference; lastKnownFileType = wrapper.xcdatamodel; path = Shopping_List.xcdatamodel; sourceTree = "<group>"; };
		FABCFEAC29BD87B700FE3308 /* Assets.xcassets */ = {isa = PBXFileReference; lastKnownFileType = folder.assetcatalog; path = Assets.xcassets; sourceTree = "<group>"; };
		FABCFEAF29BD87B700FE3308 /* Base */ = {isa = PBXFileReference; lastKnownFileType = file.storyboard; name = Base; path = Base.lproj/LaunchScreen.storyboard; sourceTree = "<group>"; };
		FABCFEB129BD87B700FE3308 /* Info.plist */ = {isa = PBXFileReference; lastKnownFileType = text.plist.xml; path = Info.plist; sourceTree = "<group>"; };
		FABCFEB929BD882700FE3308 /* ListViewController.swift */ = {isa = PBXFileReference; lastKnownFileType = sourcecode.swift; path = ListViewController.swift; sourceTree = "<group>"; };
		FABCFEBC29BD8BA700FE3308 /* ListTableViewCell.swift */ = {isa = PBXFileReference; lastKnownFileType = sourcecode.swift; path = ListTableViewCell.swift; sourceTree = "<group>"; };
		FABCFEBD29BD8BA700FE3308 /* ListTableViewCell.xib */ = {isa = PBXFileReference; lastKnownFileType = file.xib; path = ListTableViewCell.xib; sourceTree = "<group>"; };
		FABCFEC129BD9F7000FE3308 /* Constants.swift */ = {isa = PBXFileReference; lastKnownFileType = sourcecode.swift; path = Constants.swift; sourceTree = "<group>"; };
/* End PBXFileReference section */

/* Begin PBXFrameworksBuildPhase section */
		FABCFE9A29BD87B500FE3308 /* Frameworks */ = {
			isa = PBXFrameworksBuildPhase;
			buildActionMask = 2147483647;
			files = (
			);
			runOnlyForDeploymentPostprocessing = 0;
		};
/* End PBXFrameworksBuildPhase section */

/* Begin PBXGroup section */
		FABCFE9429BD87B500FE3308 = {
			isa = PBXGroup;
			children = (
				FABCFE9F29BD87B500FE3308 /* Shopping List */,
				FABCFE9E29BD87B500FE3308 /* Products */,
			);
			sourceTree = "<group>";
		};
		FABCFE9E29BD87B500FE3308 /* Products */ = {
			isa = PBXGroup;
			children = (
				FABCFE9D29BD87B500FE3308 /* Shopping List.app */,
			);
			name = Products;
			sourceTree = "<group>";
		};
		FABCFE9F29BD87B500FE3308 /* Shopping List */ = {
			isa = PBXGroup;
			children = (
				FABCFEC029BD9F5800FE3308 /* Utilis */,
				FABCFEB829BD880600FE3308 /* Model */,
				FABCFEB729BD87F500FE3308 /* View */,
				FABCFEA029BD87B500FE3308 /* AppDelegate.swift */,
				FABCFEA229BD87B500FE3308 /* SceneDelegate.swift */,
				FABCFEA629BD87B500FE3308 /* Main.storyboard */,
				FABCFEAC29BD87B700FE3308 /* Assets.xcassets */,
				FABCFEAE29BD87B700FE3308 /* LaunchScreen.storyboard */,
				FABCFEB129BD87B700FE3308 /* Info.plist */,
				FABCFEA929BD87B500FE3308 /* Shopping_List.xcdatamodeld */,
			);
			path = "Shopping List";
			sourceTree = "<group>";
		};
		FABCFEB729BD87F500FE3308 /* View */ = {
			isa = PBXGroup;
			children = (
				FABCFEBB29BD8B8500FE3308 /* Custom Cell */,
				FABCFEB929BD882700FE3308 /* ListViewController.swift */,
			);
			path = View;
			sourceTree = "<group>";
		};
		FABCFEB829BD880600FE3308 /* Model */ = {
			isa = PBXGroup;
			children = (
			);
			path = Model;
			sourceTree = "<group>";
		};
		FABCFEBB29BD8B8500FE3308 /* Custom Cell */ = {
			isa = PBXGroup;
			children = (
				FABCFEBC29BD8BA700FE3308 /* ListTableViewCell.swift */,
				FABCFEBD29BD8BA700FE3308 /* ListTableViewCell.xib */,
			);
			path = "Custom Cell";
			sourceTree = "<group>";
		};
		FABCFEC029BD9F5800FE3308 /* Utilis */ = {
			isa = PBXGroup;
			children = (
				FABCFEC129BD9F7000FE3308 /* Constants.swift */,
			);
			path = Utilis;
			sourceTree = "<group>";
		};
/* End PBXGroup section */

/* Begin PBXNativeTarget section */
		FABCFE9C29BD87B500FE3308 /* Shopping List */ = {
			isa = PBXNativeTarget;
			buildConfigurationList = FABCFEB429BD87B700FE3308 /* Build configuration list for PBXNativeTarget "Shopping List" */;
			buildPhases = (
				FABCFE9929BD87B500FE3308 /* Sources */,
				FABCFE9A29BD87B500FE3308 /* Frameworks */,
				FABCFE9B29BD87B500FE3308 /* Resources */,
			);
			buildRules = (
			);
			dependencies = (
			);
			name = "Shopping List";
			productName = "Shopping List";
			productReference = FABCFE9D29BD87B500FE3308 /* Shopping List.app */;
			productType = "com.apple.product-type.application";
		};
/* End PBXNativeTarget section */

/* Begin PBXProject section */
		FABCFE9529BD87B500FE3308 /* Project object */ = {
			isa = PBXProject;
			attributes = {
				BuildIndependentTargetsInParallel = 1;
				LastSwiftUpdateCheck = 1320;
				LastUpgradeCheck = 1320;
				TargetAttributes = {
					FABCFE9C29BD87B500FE3308 = {
						CreatedOnToolsVersion = 13.2.1;
					};
				};
			};
			buildConfigurationList = FABCFE9829BD87B500FE3308 /* Build configuration list for PBXProject "Shopping List" */;
			compatibilityVersion = "Xcode 13.0";
			developmentRegion = en;
			hasScannedForEncodings = 0;
			knownRegions = (
				en,
				Base,
			);
			mainGroup = FABCFE9429BD87B500FE3308;
			productRefGroup = FABCFE9E29BD87B500FE3308 /* Products */;
			projectDirPath = "";
			projectRoot = "";
			targets = (
				FABCFE9C29BD87B500FE3308 /* Shopping List */,
			);
		};
/* End PBXProject section */

/* Begin PBXResourcesBuildPhase section */
		FABCFE9B29BD87B500FE3308 /* Resources */ = {
			isa = PBXResourcesBuildPhase;
			buildActionMask = 2147483647;
			files = (
				FABCFEB029BD87B700FE3308 /* LaunchScreen.storyboard in Resources */,
				FABCFEBF29BD8BA700FE3308 /* ListTableViewCell.xib in Resources */,
				FABCFEAD29BD87B700FE3308 /* Assets.xcassets in Resources */,
				FABCFEA829BD87B500FE3308 /* Main.storyboard in Resources */,
			);
			runOnlyForDeploymentPostprocessing = 0;
		};
/* End PBXResourcesBuildPhase section */

/* Begin PBXSourcesBuildPhase section */
		FABCFE9929BD87B500FE3308 /* Sources */ = {
			isa = PBXSourcesBuildPhase;
			buildActionMask = 2147483647;
			files = (
				FABCFEAB29BD87B500FE3308 /* Shopping_List.xcdatamodeld in Sources */,
				FABCFEA129BD87B500FE3308 /* AppDelegate.swift in Sources */,
				FABCFEBA29BD882700FE3308 /* ListViewController.swift in Sources */,
				FABCFEA329BD87B500FE3308 /* SceneDelegate.swift in Sources */,
				FABCFEBE29BD8BA700FE3308 /* ListTableViewCell.swift in Sources */,
				FABCFEC229BD9F7000FE3308 /* Constants.swift in Sources */,
			);
			runOnlyForDeploymentPostprocessing = 0;
		};
/* End PBXSourcesBuildPhase section */

/* Begin PBXVariantGroup section */
		FABCFEA629BD87B500FE3308 /* Main.storyboard */ = {
			isa = PBXVariantGroup;
			children = (
				FABCFEA729BD87B500FE3308 /* Base */,
			);
			name = Main.storyboard;
			sourceTree = "<group>";
		};
		FABCFEAE29BD87B700FE3308 /* LaunchScreen.storyboard */ = {
			isa = PBXVariantGroup;
			children = (
				FABCFEAF29BD87B700FE3308 /* Base */,
			);
			name = LaunchScreen.storyboard;
			sourceTree = "<group>";
		};
/* End PBXVariantGroup section */

/* Begin XCBuildConfiguration section */
		FABCFEB229BD87B700FE3308 /* Debug */ = {
			isa = XCBuildConfiguration;
			buildSettings = {
				ALWAYS_SEARCH_USER_PATHS = NO;
				CLANG_ANALYZER_NONNULL = YES;
				CLANG_ANALYZER_NUMBER_OBJECT_CONVERSION = YES_AGGRESSIVE;
				CLANG_CXX_LANGUAGE_STANDARD = "gnu++17";
				CLANG_CXX_LIBRARY = "libc++";
				CLANG_ENABLE_MODULES = YES;
				CLANG_ENABLE_OBJC_ARC = YES;
				CLANG_ENABLE_OBJC_WEAK = YES;
				CLANG_WARN_BLOCK_CAPTURE_AUTORELEASING = YES;
				CLANG_WARN_BOOL_CONVERSION = YES;
				CLANG_WARN_COMMA = YES;
				CLANG_WARN_CONSTANT_CONVERSION = YES;
				CLANG_WARN_DEPRECATED_OBJC_IMPLEMENTATIONS = YES;
				CLANG_WARN_DIRECT_OBJC_ISA_USAGE = YES_ERROR;
				CLANG_WARN_DOCUMENTATION_COMMENTS = YES;
				CLANG_WARN_EMPTY_BODY = YES;
				CLANG_WARN_ENUM_CONVERSION = YES;
				CLANG_WARN_INFINITE_RECURSION = YES;
				CLANG_WARN_INT_CONVERSION = YES;
				CLANG_WARN_NON_LITERAL_NULL_CONVERSION = YES;
				CLANG_WARN_OBJC_IMPLICIT_RETAIN_SELF = YES;
				CLANG_WARN_OBJC_LITERAL_CONVERSION = YES;
				CLANG_WARN_OBJC_ROOT_CLASS = YES_ERROR;
				CLANG_WARN_QUOTED_INCLUDE_IN_FRAMEWORK_HEADER = YES;
				CLANG_WARN_RANGE_LOOP_ANALYSIS = YES;
				CLANG_WARN_STRICT_PROTOTYPES = YES;
				CLANG_WARN_SUSPICIOUS_MOVE = YES;
				CLANG_WARN_UNGUARDED_AVAILABILITY = YES_AGGRESSIVE;
				CLANG_WARN_UNREACHABLE_CODE = YES;
				CLANG_WARN__DUPLICATE_METHOD_MATCH = YES;
				COPY_PHASE_STRIP = NO;
				DEBUG_INFORMATION_FORMAT = dwarf;
				ENABLE_STRICT_OBJC_MSGSEND = YES;
				ENABLE_TESTABILITY = YES;
				GCC_C_LANGUAGE_STANDARD = gnu11;
				GCC_DYNAMIC_NO_PIC = NO;
				GCC_NO_COMMON_BLOCKS = YES;
				GCC_OPTIMIZATION_LEVEL = 0;
				GCC_PREPROCESSOR_DEFINITIONS = (
					"DEBUG=1",
					"$(inherited)",
				);
				GCC_WARN_64_TO_32_BIT_CONVERSION = YES;
				GCC_WARN_ABOUT_RETURN_TYPE = YES_ERROR;
				GCC_WARN_UNDECLARED_SELECTOR = YES;
				GCC_WARN_UNINITIALIZED_AUTOS = YES_AGGRESSIVE;
				GCC_WARN_UNUSED_FUNCTION = YES;
				GCC_WARN_UNUSED_VARIABLE = YES;
				IPHONEOS_DEPLOYMENT_TARGET = 15.2;
				MTL_ENABLE_DEBUG_INFO = INCLUDE_SOURCE;
				MTL_FAST_MATH = YES;
				ONLY_ACTIVE_ARCH = YES;
				SDKROOT = iphoneos;
				SWIFT_ACTIVE_COMPILATION_CONDITIONS = DEBUG;
				SWIFT_OPTIMIZATION_LEVEL = "-Onone";
			};
			name = Debug;
		};
		FABCFEB329BD87B700FE3308 /* Release */ = {
			isa = XCBuildConfiguration;
			buildSettings = {
				ALWAYS_SEARCH_USER_PATHS = NO;
				CLANG_ANALYZER_NONNULL = YES;
				CLANG_ANALYZER_NUMBER_OBJECT_CONVERSION = YES_AGGRESSIVE;
				CLANG_CXX_LANGUAGE_STANDARD = "gnu++17";
				CLANG_CXX_LIBRARY = "libc++";
				CLANG_ENABLE_MODULES = YES;
				CLANG_ENABLE_OBJC_ARC = YES;
				CLANG_ENABLE_OBJC_WEAK = YES;
				CLANG_WARN_BLOCK_CAPTURE_AUTORELEASING = YES;
				CLANG_WARN_BOOL_CONVERSION = YES;
				CLANG_WARN_COMMA = YES;
				CLANG_WARN_CONSTANT_CONVERSION = YES;
				CLANG_WARN_DEPRECATED_OBJC_IMPLEMENTATIONS = YES;
				CLANG_WARN_DIRECT_OBJC_ISA_USAGE = YES_ERROR;
				CLANG_WARN_DOCUMENTATION_COMMENTS = YES;
				CLANG_WARN_EMPTY_BODY = YES;
				CLANG_WARN_ENUM_CONVERSION = YES;
				CLANG_WARN_INFINITE_RECURSION = YES;
				CLANG_WARN_INT_CONVERSION = YES;
				CLANG_WARN_NON_LITERAL_NULL_CONVERSION = YES;
				CLANG_WARN_OBJC_IMPLICIT_RETAIN_SELF = YES;
				CLANG_WARN_OBJC_LITERAL_CONVERSION = YES;
				CLANG_WARN_OBJC_ROOT_CLASS = YES_ERROR;
				CLANG_WARN_QUOTED_INCLUDE_IN_FRAMEWORK_HEADER = YES;
				CLANG_WARN_RANGE_LOOP_ANALYSIS = YES;
				CLANG_WARN_STRICT_PROTOTYPES = YES;
				CLANG_WARN_SUSPICIOUS_MOVE = YES;
				CLANG_WARN_UNGUARDED_AVAILABILITY = YES_AGGRESSIVE;
				CLANG_WARN_UNREACHABLE_CODE = YES;
				CLANG_WARN__DUPLICATE_METHOD_MATCH = YES;
				COPY_PHASE_STRIP = NO;
				DEBUG_INFORMATION_FORMAT = "dwarf-with-dsym";
				ENABLE_NS_ASSERTIONS = NO;
				ENABLE_STRICT_OBJC_MSGSEND = YES;
				GCC_C_LANGUAGE_STANDARD = gnu11;
				GCC_NO_COMMON_BLOCKS = YES;
				GCC_WARN_64_TO_32_BIT_CONVERSION = YES;
				GCC_WARN_ABOUT_RETURN_TYPE = YES_ERROR;
				GCC_WARN_UNDECLARED_SELECTOR = YES;
				GCC_WARN_UNINITIALIZED_AUTOS = YES_AGGRESSIVE;
				GCC_WARN_UNUSED_FUNCTION = YES;
				GCC_WARN_UNUSED_VARIABLE = YES;
				IPHONEOS_DEPLOYMENT_TARGET = 15.2;
				MTL_ENABLE_DEBUG_INFO = NO;
				MTL_FAST_MATH = YES;
				SDKROOT = iphoneos;
				SWIFT_COMPILATION_MODE = wholemodule;
				SWIFT_OPTIMIZATION_LEVEL = "-O";
				VALIDATE_PRODUCT = YES;
			};
			name = Release;
		};
		FABCFEB529BD87B700FE3308 /* Debug */ = {
			isa = XCBuildConfiguration;
			buildSettings = {
				ASSETCATALOG_COMPILER_APPICON_NAME = AppIcon;
				ASSETCATALOG_COMPILER_GLOBAL_ACCENT_COLOR_NAME = AccentColor;
				CODE_SIGN_STYLE = Automatic;
				CURRENT_PROJECT_VERSION = 1;
				DEVELOPMENT_TEAM = K6BJ9JXQPF;
				GENERATE_INFOPLIST_FILE = YES;
				INFOPLIST_FILE = "Shopping List/Info.plist";
				INFOPLIST_KEY_UIApplicationSupportsIndirectInputEvents = YES;
				INFOPLIST_KEY_UILaunchStoryboardName = LaunchScreen;
				INFOPLIST_KEY_UIMainStoryboardFile = Main;
				INFOPLIST_KEY_UISupportedInterfaceOrientations = UIInterfaceOrientationPortrait;
				INFOPLIST_KEY_UISupportedInterfaceOrientations_iPad = "UIInterfaceOrientationPortrait UIInterfaceOrientationPortraitUpsideDown UIInterfaceOrientationLandscapeLeft UIInterfaceOrientationLandscapeRight";
				INFOPLIST_KEY_UISupportedInterfaceOrientations_iPhone = "UIInterfaceOrientationPortrait UIInterfaceOrientationLandscapeLeft UIInterfaceOrientationLandscapeRight";
				IPHONEOS_DEPLOYMENT_TARGET = 15.0;
				LD_RUNPATH_SEARCH_PATHS = (
					"$(inherited)",
					"@executable_path/Frameworks",
				);
				MARKETING_VERSION = 1.0;
				PRODUCT_BUNDLE_IDENTIFIER = "com.systemsApp.Shopping-List";
				PRODUCT_NAME = "$(TARGET_NAME)";
				SWIFT_EMIT_LOC_STRINGS = YES;
				SWIFT_VERSION = 5.0;
				TARGETED_DEVICE_FAMILY = 1;
			};
			name = Debug;
		};
		FABCFEB629BD87B700FE3308 /* Release */ = {
			isa = XCBuildConfiguration;
			buildSettings = {
				ASSETCATALOG_COMPILER_APPICON_NAME = AppIcon;
				ASSETCATALOG_COMPILER_GLOBAL_ACCENT_COLOR_NAME = AccentColor;
				CODE_SIGN_STYLE = Automatic;
				CURRENT_PROJECT_VERSION = 1;
				DEVELOPMENT_TEAM = K6BJ9JXQPF;
				GENERATE_INFOPLIST_FILE = YES;
				INFOPLIST_FILE = "Shopping List/Info.plist";
				INFOPLIST_KEY_UIApplicationSupportsIndirectInputEvents = YES;
				INFOPLIST_KEY_UILaunchStoryboardName = LaunchScreen;
				INFOPLIST_KEY_UIMainStoryboardFile = Main;
				INFOPLIST_KEY_UISupportedInterfaceOrientations = UIInterfaceOrientationPortrait;
				INFOPLIST_KEY_UISupportedInterfaceOrientations_iPad = "UIInterfaceOrientationPortrait UIInterfaceOrientationPortraitUpsideDown UIInterfaceOrientationLandscapeLeft UIInterfaceOrientationLandscapeRight";
				INFOPLIST_KEY_UISupportedInterfaceOrientations_iPhone = "UIInterfaceOrientationPortrait UIInterfaceOrientationLandscapeLeft UIInterfaceOrientationLandscapeRight";
				IPHONEOS_DEPLOYMENT_TARGET = 15.0;
				LD_RUNPATH_SEARCH_PATHS = (
					"$(inherited)",
					"@executable_path/Frameworks",
				);
				MARKETING_VERSION = 1.0;
				PRODUCT_BUNDLE_IDENTIFIER = "com.systemsApp.Shopping-List";
				PRODUCT_NAME = "$(TARGET_NAME)";
				SWIFT_EMIT_LOC_STRINGS = YES;
				SWIFT_VERSION = 5.0;
				TARGETED_DEVICE_FAMILY = 1;
			};
			name = Release;
		};
/* End XCBuildConfiguration section */

/* Begin XCConfigurationList section */
		FABCFE9829BD87B500FE3308 /* Build configuration list for PBXProject "Shopping List" */ = {
			isa = XCConfigurationList;
			buildConfigurations = (
				FABCFEB229BD87B700FE3308 /* Debug */,
				FABCFEB329BD87B700FE3308 /* Release */,
			);
			defaultConfigurationIsVisible = 0;
			defaultConfigurationName = Release;
		};
		FABCFEB429BD87B700FE3308 /* Build configuration list for PBXNativeTarget "Shopping List" */ = {
			isa = XCConfigurationList;
			buildConfigurations = (
				FABCFEB529BD87B700FE3308 /* Debug */,
				FABCFEB629BD87B700FE3308 /* Release */,
			);
			defaultConfigurationIsVisible = 0;
			defaultConfigurationName = Release;
		};
/* End XCConfigurationList section */

/* Begin XCVersionGroup section */
		FABCFEA929BD87B500FE3308 /* Shopping_List.xcdatamodeld */ = {
			isa = XCVersionGroup;
			children = (
				FABCFEAA29BD87B500FE3308 /* Shopping_List.xcdatamodel */,
			);
			currentVersion = FABCFEAA29BD87B500FE3308 /* Shopping_List.xcdatamodel */;
			path = Shopping_List.xcdatamodeld;
			sourceTree = "<group>";
			versionGroupType = wrapper.xcdatamodel;
		};
/* End XCVersionGroup section */
	};
	rootObject = FABCFE9529BD87B500FE3308 /* Project object */;
}
